
Microsoft Visual Studio Solution File, Format Version 12.00
# Visual Studio Version 17
VisualStudioVersion = 17.5.33516.290
MinimumVisualStudioVersion = 10.0.40219.1
Project("{FAE04EC0-301F-11D3-BF4B-00C04F79EFBC}") = "wf06_listview", "wf06_listview\wf06_listview.csproj", "{2CD432D4-AA59-475B-A0F4-6FEBF0A477A6}"
EndProject
Project("{FAE04EC0-301F-11D3-BF4B-00C04F79EFBC}") = "wf07_myexplorer", "wf07_myexplorer\wf07_myexplorer.csproj", "{6C745DC9-46E7-46CB-BBDE-E3F55B8B75DA}"
EndProject
Global
	GlobalSection(SolutionConfigurationPlatforms) = preSolution
		Debug|Any CPU = Debug|Any CPU
		Release|Any CPU = Release|Any CPU
	EndGlobalSection
	GlobalSection(ProjectConfigurationPlatforms) = postSolution
		{2CD432D4-AA59-475B-A0F4-6FEBF0A477A6}.Debug|Any CPU.ActiveCfg = Debug|Any CPU
		{2CD432D4-AA59-475B-A0F4-6FEBF0A477A6}.Debug|Any CPU.Build.0 = Debug|Any CPU
		{2CD432D4-AA59-475B-A0F4-6FEBF0A477A6}.Release|Any CPU.ActiveCfg = Release|Any CPU
		{2CD432D4-AA59-475B-A0F4-6FEBF0A477A6}.Release|Any CPU.Build.0 = Release|Any CPU
		{6C745DC9-46E7-46CB-BBDE-E3F55B8B75DA}.Debug|Any CPU.ActiveCfg = Debug|Any CPU
		{6C745DC9-46E7-46CB-BBDE-E3F55B8B75DA}.Debug|Any CPU.Build.0 = Debug|Any CPU
		{6C745DC9-46E7-46CB-BBDE-E3F55B8B75DA}.Release|Any CPU.ActiveCfg = Release|Any CPU
		{6C745DC9-46E7-46CB-BBDE-E3F55B8B75DA}.Release|Any CPU.Build.0 = Release|Any CPU
	EndGlobalSection
	GlobalSection(SolutionProperties) = preSolution
		HideSolutionNode = FALSE
	EndGlobalSection
	GlobalSection(ExtensibilityGlobals) = postSolution
		SolutionGuid = {EE1C0B87-51DB-46C7-A912-4E3388423377}
	EndGlobalSection
EndGlobal
