
Microsoft Visual Studio Solution File, Format Version 12.00
# Visual Studio Version 17
VisualStudioVersion = 17.5.33516.290
MinimumVisualStudioVersion = 10.0.40219.1
Project("{FAE04EC0-301F-11D3-BF4B-00C04F79EFBC}") = "cs10_operator", "cs10_operator\cs10_operator.csproj", "{D920BEF8-7715-4C3B-9537-0F57F00DD426}"
EndProject
Project("{FAE04EC0-301F-11D3-BF4B-00C04F79EFBC}") = "cs11_logiccondition", "cs11_logiccondition\cs11_logiccondition.csproj", "{B3FB1243-398F-43DF-B4F8-83ADC0FE9A98}"
EndProject
Project("{FAE04EC0-301F-11D3-BF4B-00C04F79EFBC}") = "cs12_methods", "cs12_methods\cs12_methods.csproj", "{A94C2194-F412-47E2-8419-BCB37A0D2497}"
EndProject
Global
	GlobalSection(SolutionConfigurationPlatforms) = preSolution
		Debug|Any CPU = Debug|Any CPU
		Release|Any CPU = Release|Any CPU
	EndGlobalSection
	GlobalSection(ProjectConfigurationPlatforms) = postSolution
		{D920BEF8-7715-4C3B-9537-0F57F00DD426}.Debug|Any CPU.ActiveCfg = Debug|Any CPU
		{D920BEF8-7715-4C3B-9537-0F57F00DD426}.Debug|Any CPU.Build.0 = Debug|Any CPU
		{D920BEF8-7715-4C3B-9537-0F57F00DD426}.Release|Any CPU.ActiveCfg = Release|Any CPU
		{D920BEF8-7715-4C3B-9537-0F57F00DD426}.Release|Any CPU.Build.0 = Release|Any CPU
		{B3FB1243-398F-43DF-B4F8-83ADC0FE9A98}.Debug|Any CPU.ActiveCfg = Debug|Any CPU
		{B3FB1243-398F-43DF-B4F8-83ADC0FE9A98}.Debug|Any CPU.Build.0 = Debug|Any CPU
		{B3FB1243-398F-43DF-B4F8-83ADC0FE9A98}.Release|Any CPU.ActiveCfg = Release|Any CPU
		{B3FB1243-398F-43DF-B4F8-83ADC0FE9A98}.Release|Any CPU.Build.0 = Release|Any CPU
		{A94C2194-F412-47E2-8419-BCB37A0D2497}.Debug|Any CPU.ActiveCfg = Debug|Any CPU
		{A94C2194-F412-47E2-8419-BCB37A0D2497}.Debug|Any CPU.Build.0 = Debug|Any CPU
		{A94C2194-F412-47E2-8419-BCB37A0D2497}.Release|Any CPU.ActiveCfg = Release|Any CPU
		{A94C2194-F412-47E2-8419-BCB37A0D2497}.Release|Any CPU.Build.0 = Release|Any CPU
	EndGlobalSection
	GlobalSection(SolutionProperties) = preSolution
		HideSolutionNode = FALSE
	EndGlobalSection
	GlobalSection(ExtensibilityGlobals) = postSolution
		SolutionGuid = {3E2457FD-2A31-4EDD-8510-86F1DA7337A8}
	EndGlobalSection
EndGlobal
