
Microsoft Visual Studio Solution File, Format Version 12.00
# Visual Studio Version 17
VisualStudioVersion = 17.5.33516.290
MinimumVisualStudioVersion = 10.0.40219.1
Project("{FAE04EC0-301F-11D3-BF4B-00C04F79EFBC}") = "cs17_inheritance", "cs17_inheritance\cs17_inheritance.csproj", "{5D23A709-CF29-45C4-87E1-4C27856EB733}"
EndProject
Project("{FAE04EC0-301F-11D3-BF4B-00C04F79EFBC}") = "cs18_override", "cs18_override\cs18_override.csproj", "{49BAF36E-96DF-4982-9F25-C1A393C314F5}"
EndProject
Project("{FAE04EC0-301F-11D3-BF4B-00C04F79EFBC}") = "cs19_interface", "cs19_interface\cs19_interface.csproj", "{70C2EEEC-EF83-473F-A897-36A8D2D96005}"
EndProject
Global
	GlobalSection(SolutionConfigurationPlatforms) = preSolution
		Debug|Any CPU = Debug|Any CPU
		Release|Any CPU = Release|Any CPU
	EndGlobalSection
	GlobalSection(ProjectConfigurationPlatforms) = postSolution
		{5D23A709-CF29-45C4-87E1-4C27856EB733}.Debug|Any CPU.ActiveCfg = Debug|Any CPU
		{5D23A709-CF29-45C4-87E1-4C27856EB733}.Debug|Any CPU.Build.0 = Debug|Any CPU
		{5D23A709-CF29-45C4-87E1-4C27856EB733}.Release|Any CPU.ActiveCfg = Release|Any CPU
		{5D23A709-CF29-45C4-87E1-4C27856EB733}.Release|Any CPU.Build.0 = Release|Any CPU
		{49BAF36E-96DF-4982-9F25-C1A393C314F5}.Debug|Any CPU.ActiveCfg = Debug|Any CPU
		{49BAF36E-96DF-4982-9F25-C1A393C314F5}.Debug|Any CPU.Build.0 = Debug|Any CPU
		{49BAF36E-96DF-4982-9F25-C1A393C314F5}.Release|Any CPU.ActiveCfg = Release|Any CPU
		{49BAF36E-96DF-4982-9F25-C1A393C314F5}.Release|Any CPU.Build.0 = Release|Any CPU
		{70C2EEEC-EF83-473F-A897-36A8D2D96005}.Debug|Any CPU.ActiveCfg = Debug|Any CPU
		{70C2EEEC-EF83-473F-A897-36A8D2D96005}.Debug|Any CPU.Build.0 = Debug|Any CPU
		{70C2EEEC-EF83-473F-A897-36A8D2D96005}.Release|Any CPU.ActiveCfg = Release|Any CPU
		{70C2EEEC-EF83-473F-A897-36A8D2D96005}.Release|Any CPU.Build.0 = Release|Any CPU
	EndGlobalSection
	GlobalSection(SolutionProperties) = preSolution
		HideSolutionNode = FALSE
	EndGlobalSection
	GlobalSection(ExtensibilityGlobals) = postSolution
		SolutionGuid = {52AD1181-2FF9-47DD-8B78-D3C2C3AB9517}
	EndGlobalSection
EndGlobal
