
Microsoft Visual Studio Solution File, Format Version 12.00
# Visual Studio Version 17
VisualStudioVersion = 17.5.33516.290
MinimumVisualStudioVersion = 10.0.40219.1
Project("{FAE04EC0-301F-11D3-BF4B-00C04F79EFBC}") = "wf14_winforms_thread", "wf14_winforms_thread\wf14_winforms_thread.csproj", "{89CA3E40-68AB-4E61-9C04-9BA7C2CE0E6B}"
EndProject
Project("{FAE04EC0-301F-11D3-BF4B-00C04F79EFBC}") = "wf13_bookrentalshop", "wf13_bookrentalshop\wf13_bookrentalshop.csproj", "{139B324D-1BBC-41ED-A115-1C1F7E125F4D}"
EndProject
Global
	GlobalSection(SolutionConfigurationPlatforms) = preSolution
		Debug|Any CPU = Debug|Any CPU
		Release|Any CPU = Release|Any CPU
	EndGlobalSection
	GlobalSection(ProjectConfigurationPlatforms) = postSolution
		{89CA3E40-68AB-4E61-9C04-9BA7C2CE0E6B}.Debug|Any CPU.ActiveCfg = Debug|Any CPU
		{89CA3E40-68AB-4E61-9C04-9BA7C2CE0E6B}.Debug|Any CPU.Build.0 = Debug|Any CPU
		{89CA3E40-68AB-4E61-9C04-9BA7C2CE0E6B}.Release|Any CPU.ActiveCfg = Release|Any CPU
		{89CA3E40-68AB-4E61-9C04-9BA7C2CE0E6B}.Release|Any CPU.Build.0 = Release|Any CPU
		{139B324D-1BBC-41ED-A115-1C1F7E125F4D}.Debug|Any CPU.ActiveCfg = Debug|Any CPU
		{139B324D-1BBC-41ED-A115-1C1F7E125F4D}.Debug|Any CPU.Build.0 = Debug|Any CPU
		{139B324D-1BBC-41ED-A115-1C1F7E125F4D}.Release|Any CPU.ActiveCfg = Release|Any CPU
		{139B324D-1BBC-41ED-A115-1C1F7E125F4D}.Release|Any CPU.Build.0 = Release|Any CPU
	EndGlobalSection
	GlobalSection(SolutionProperties) = preSolution
		HideSolutionNode = FALSE
	EndGlobalSection
	GlobalSection(ExtensibilityGlobals) = postSolution
		SolutionGuid = {91538FE7-E9E8-45FD-B513-1583B43CA848}
	EndGlobalSection
EndGlobal
